
Microsoft Visual Studio Solution File, Format Version 12.00
# Visual Studio 15
VisualStudioVersion = 15.0.26124.0
MinimumVisualStudioVersion = 15.0.26124.0
Project("{FAE04EC0-301F-11D3-BF4B-00C04F79EFBC}") = "Galaxy.Planets.Presentation", "Galaxy.Planets.Presentation\Galaxy.Planets.Presentation.csproj", "{9B3FA3DC-9DF7-44C6-B316-B2967F6A2448}"
EndProject
Project("{FAE04EC0-301F-11D3-BF4B-00C04F79EFBC}") = "Galaxy.Planets.Infrastructure", "Galaxy.Planets.Infrastructure\Galaxy.Planets.Infrastructure.csproj", "{6FA4FB5A-C5BD-4C0E-8FAC-C4CEBA70CC6F}"
EndProject
Project("{FAE04EC0-301F-11D3-BF4B-00C04F79EFBC}") = "Galaxy.Planets.Core", "Galaxy.Planets.Core\Galaxy.Planets.Core.csproj", "{F1BBDF91-8FB9-4C1F-8034-3E25317C6147}"
EndProject
Project("{FAE04EC0-301F-11D3-BF4B-00C04F79EFBC}") = "Galaxy.Planets.Core.Tests", "Galaxy.Planets.Core.Tests\Galaxy.Planets.Core.Tests.csproj", "{16ACFFB9-09E2-4842-A37E-8D2A15FEAA4C}"
EndProject
Global
	GlobalSection(SolutionConfigurationPlatforms) = preSolution
		Debug|Any CPU = Debug|Any CPU
		Debug|x64 = Debug|x64
		Debug|x86 = Debug|x86
		Release|Any CPU = Release|Any CPU
		Release|x64 = Release|x64
		Release|x86 = Release|x86
	EndGlobalSection
	GlobalSection(SolutionProperties) = preSolution
		HideSolutionNode = FALSE
	EndGlobalSection
	GlobalSection(ProjectConfigurationPlatforms) = postSolution
		{9B3FA3DC-9DF7-44C6-B316-B2967F6A2448}.Debug|Any CPU.ActiveCfg = Debug|Any CPU
		{9B3FA3DC-9DF7-44C6-B316-B2967F6A2448}.Debug|Any CPU.Build.0 = Debug|Any CPU
		{9B3FA3DC-9DF7-44C6-B316-B2967F6A2448}.Debug|x64.ActiveCfg = Debug|Any CPU
		{9B3FA3DC-9DF7-44C6-B316-B2967F6A2448}.Debug|x64.Build.0 = Debug|Any CPU
		{9B3FA3DC-9DF7-44C6-B316-B2967F6A2448}.Debug|x86.ActiveCfg = Debug|Any CPU
		{9B3FA3DC-9DF7-44C6-B316-B2967F6A2448}.Debug|x86.Build.0 = Debug|Any CPU
		{9B3FA3DC-9DF7-44C6-B316-B2967F6A2448}.Release|Any CPU.ActiveCfg = Release|Any CPU
		{9B3FA3DC-9DF7-44C6-B316-B2967F6A2448}.Release|Any CPU.Build.0 = Release|Any CPU
		{9B3FA3DC-9DF7-44C6-B316-B2967F6A2448}.Release|x64.ActiveCfg = Release|Any CPU
		{9B3FA3DC-9DF7-44C6-B316-B2967F6A2448}.Release|x64.Build.0 = Release|Any CPU
		{9B3FA3DC-9DF7-44C6-B316-B2967F6A2448}.Release|x86.ActiveCfg = Release|Any CPU
		{9B3FA3DC-9DF7-44C6-B316-B2967F6A2448}.Release|x86.Build.0 = Release|Any CPU
		{6FA4FB5A-C5BD-4C0E-8FAC-C4CEBA70CC6F}.Debug|Any CPU.ActiveCfg = Debug|Any CPU
		{6FA4FB5A-C5BD-4C0E-8FAC-C4CEBA70CC6F}.Debug|Any CPU.Build.0 = Debug|Any CPU
		{6FA4FB5A-C5BD-4C0E-8FAC-C4CEBA70CC6F}.Debug|x64.ActiveCfg = Debug|Any CPU
		{6FA4FB5A-C5BD-4C0E-8FAC-C4CEBA70CC6F}.Debug|x64.Build.0 = Debug|Any CPU
		{6FA4FB5A-C5BD-4C0E-8FAC-C4CEBA70CC6F}.Debug|x86.ActiveCfg = Debug|Any CPU
		{6FA4FB5A-C5BD-4C0E-8FAC-C4CEBA70CC6F}.Debug|x86.Build.0 = Debug|Any CPU
		{6FA4FB5A-C5BD-4C0E-8FAC-C4CEBA70CC6F}.Release|Any CPU.ActiveCfg = Release|Any CPU
		{6FA4FB5A-C5BD-4C0E-8FAC-C4CEBA70CC6F}.Release|Any CPU.Build.0 = Release|Any CPU
		{6FA4FB5A-C5BD-4C0E-8FAC-C4CEBA70CC6F}.Release|x64.ActiveCfg = Release|Any CPU
		{6FA4FB5A-C5BD-4C0E-8FAC-C4CEBA70CC6F}.Release|x64.Build.0 = Release|Any CPU
		{6FA4FB5A-C5BD-4C0E-8FAC-C4CEBA70CC6F}.Release|x86.ActiveCfg = Release|Any CPU
		{6FA4FB5A-C5BD-4C0E-8FAC-C4CEBA70CC6F}.Release|x86.Build.0 = Release|Any CPU
		{F1BBDF91-8FB9-4C1F-8034-3E25317C6147}.Debug|Any CPU.ActiveCfg = Debug|Any CPU
		{F1BBDF91-8FB9-4C1F-8034-3E25317C6147}.Debug|Any CPU.Build.0 = Debug|Any CPU
		{F1BBDF91-8FB9-4C1F-8034-3E25317C6147}.Debug|x64.ActiveCfg = Debug|Any CPU
		{F1BBDF91-8FB9-4C1F-8034-3E25317C6147}.Debug|x64.Build.0 = Debug|Any CPU
		{F1BBDF91-8FB9-4C1F-8034-3E25317C6147}.Debug|x86.ActiveCfg = Debug|Any CPU
		{F1BBDF91-8FB9-4C1F-8034-3E25317C6147}.Debug|x86.Build.0 = Debug|Any CPU
		{F1BBDF91-8FB9-4C1F-8034-3E25317C6147}.Release|Any CPU.ActiveCfg = Release|Any CPU
		{F1BBDF91-8FB9-4C1F-8034-3E25317C6147}.Release|Any CPU.Build.0 = Release|Any CPU
		{F1BBDF91-8FB9-4C1F-8034-3E25317C6147}.Release|x64.ActiveCfg = Release|Any CPU
		{F1BBDF91-8FB9-4C1F-8034-3E25317C6147}.Release|x64.Build.0 = Release|Any CPU
		{F1BBDF91-8FB9-4C1F-8034-3E25317C6147}.Release|x86.ActiveCfg = Release|Any CPU
		{F1BBDF91-8FB9-4C1F-8034-3E25317C6147}.Release|x86.Build.0 = Release|Any CPU
		{16ACFFB9-09E2-4842-A37E-8D2A15FEAA4C}.Debug|Any CPU.ActiveCfg = Debug|Any CPU
		{16ACFFB9-09E2-4842-A37E-8D2A15FEAA4C}.Debug|Any CPU.Build.0 = Debug|Any CPU
		{16ACFFB9-09E2-4842-A37E-8D2A15FEAA4C}.Debug|x64.ActiveCfg = Debug|Any CPU
		{16ACFFB9-09E2-4842-A37E-8D2A15FEAA4C}.Debug|x64.Build.0 = Debug|Any CPU
		{16ACFFB9-09E2-4842-A37E-8D2A15FEAA4C}.Debug|x86.ActiveCfg = Debug|Any CPU
		{16ACFFB9-09E2-4842-A37E-8D2A15FEAA4C}.Debug|x86.Build.0 = Debug|Any CPU
		{16ACFFB9-09E2-4842-A37E-8D2A15FEAA4C}.Release|Any CPU.ActiveCfg = Release|Any CPU
		{16ACFFB9-09E2-4842-A37E-8D2A15FEAA4C}.Release|Any CPU.Build.0 = Release|Any CPU
		{16ACFFB9-09E2-4842-A37E-8D2A15FEAA4C}.Release|x64.ActiveCfg = Release|Any CPU
		{16ACFFB9-09E2-4842-A37E-8D2A15FEAA4C}.Release|x64.Build.0 = Release|Any CPU
		{16ACFFB9-09E2-4842-A37E-8D2A15FEAA4C}.Release|x86.ActiveCfg = Release|Any CPU
		{16ACFFB9-09E2-4842-A37E-8D2A15FEAA4C}.Release|x86.Build.0 = Release|Any CPU
	EndGlobalSection
EndGlobal
